
Microsoft Visual Studio Solution File, Format Version 12.00
# Visual Studio 14
VisualStudioVersion = 14.0.25420.1
MinimumVisualStudioVersion = 10.0.40219.1
Project("{FAE04EC0-301F-11D3-BF4B-00C04F79EFBC}") = "Poseidon.Base", "Poseidon.Base\Poseidon.Base.csproj", "{06220D70-2DBF-4ACA-A583-0967F40923FF}"
EndProject
Project("{FAE04EC0-301F-11D3-BF4B-00C04F79EFBC}") = "Poseidon.Data", "Poseidon.Data\Poseidon.Data.csproj", "{6ABE6B44-57DC-473F-B406-8E4772B08A4A}"
EndProject
Project("{FAE04EC0-301F-11D3-BF4B-00C04F79EFBC}") = "Poseidon.Model", "Poseidon.Model\Poseidon.Model.csproj", "{E6C5821C-DE57-4C36-9EC7-4C070045B55D}"
EndProject
Project("{FAE04EC0-301F-11D3-BF4B-00C04F79EFBC}") = "Poseidon.Winform.Client", "Poseidon.Winform.Client\Poseidon.Winform.Client.csproj", "{63015ED5-4C13-4426-94DE-3DA5F2C4A4A5}"
EndProject
Project("{FAE04EC0-301F-11D3-BF4B-00C04F79EFBC}") = "Poseidon.Winform.Test", "Poseidon.Winform.Test\Poseidon.Winform.Test.csproj", "{1ADDA04A-7BBB-4BF4-AEF5-C876DFCB2CF1}"
EndProject
Project("{FAE04EC0-301F-11D3-BF4B-00C04F79EFBC}") = "Poseidon.Winform.Base", "Poseidon.Winform.Base\Poseidon.Winform.Base.csproj", "{7650E6F8-D821-4281-949C-1F9005F4FB32}"
EndProject
Global
	GlobalSection(SolutionConfigurationPlatforms) = preSolution
		Debug|Any CPU = Debug|Any CPU
		Release|Any CPU = Release|Any CPU
	EndGlobalSection
	GlobalSection(ProjectConfigurationPlatforms) = postSolution
		{06220D70-2DBF-4ACA-A583-0967F40923FF}.Debug|Any CPU.ActiveCfg = Debug|Any CPU
		{06220D70-2DBF-4ACA-A583-0967F40923FF}.Debug|Any CPU.Build.0 = Debug|Any CPU
		{06220D70-2DBF-4ACA-A583-0967F40923FF}.Release|Any CPU.ActiveCfg = Release|Any CPU
		{06220D70-2DBF-4ACA-A583-0967F40923FF}.Release|Any CPU.Build.0 = Release|Any CPU
		{6ABE6B44-57DC-473F-B406-8E4772B08A4A}.Debug|Any CPU.ActiveCfg = Debug|Any CPU
		{6ABE6B44-57DC-473F-B406-8E4772B08A4A}.Debug|Any CPU.Build.0 = Debug|Any CPU
		{6ABE6B44-57DC-473F-B406-8E4772B08A4A}.Release|Any CPU.ActiveCfg = Release|Any CPU
		{6ABE6B44-57DC-473F-B406-8E4772B08A4A}.Release|Any CPU.Build.0 = Release|Any CPU
		{E6C5821C-DE57-4C36-9EC7-4C070045B55D}.Debug|Any CPU.ActiveCfg = Debug|Any CPU
		{E6C5821C-DE57-4C36-9EC7-4C070045B55D}.Debug|Any CPU.Build.0 = Debug|Any CPU
		{E6C5821C-DE57-4C36-9EC7-4C070045B55D}.Release|Any CPU.ActiveCfg = Release|Any CPU
		{E6C5821C-DE57-4C36-9EC7-4C070045B55D}.Release|Any CPU.Build.0 = Release|Any CPU
		{63015ED5-4C13-4426-94DE-3DA5F2C4A4A5}.Debug|Any CPU.ActiveCfg = Debug|Any CPU
		{63015ED5-4C13-4426-94DE-3DA5F2C4A4A5}.Debug|Any CPU.Build.0 = Debug|Any CPU
		{63015ED5-4C13-4426-94DE-3DA5F2C4A4A5}.Release|Any CPU.ActiveCfg = Release|Any CPU
		{63015ED5-4C13-4426-94DE-3DA5F2C4A4A5}.Release|Any CPU.Build.0 = Release|Any CPU
		{1ADDA04A-7BBB-4BF4-AEF5-C876DFCB2CF1}.Debug|Any CPU.ActiveCfg = Debug|Any CPU
		{1ADDA04A-7BBB-4BF4-AEF5-C876DFCB2CF1}.Debug|Any CPU.Build.0 = Debug|Any CPU
		{1ADDA04A-7BBB-4BF4-AEF5-C876DFCB2CF1}.Release|Any CPU.ActiveCfg = Release|Any CPU
		{1ADDA04A-7BBB-4BF4-AEF5-C876DFCB2CF1}.Release|Any CPU.Build.0 = Release|Any CPU
		{7650E6F8-D821-4281-949C-1F9005F4FB32}.Debug|Any CPU.ActiveCfg = Debug|Any CPU
		{7650E6F8-D821-4281-949C-1F9005F4FB32}.Debug|Any CPU.Build.0 = Debug|Any CPU
		{7650E6F8-D821-4281-949C-1F9005F4FB32}.Release|Any CPU.ActiveCfg = Release|Any CPU
		{7650E6F8-D821-4281-949C-1F9005F4FB32}.Release|Any CPU.Build.0 = Release|Any CPU
	EndGlobalSection
	GlobalSection(SolutionProperties) = preSolution
		HideSolutionNode = FALSE
	EndGlobalSection
EndGlobal
